
Microsoft Visual Studio Solution File, Format Version 12.00
# Visual Studio Version 16
VisualStudioVersion = 16.0.29905.134
MinimumVisualStudioVersion = 10.0.40219.1
Project("{FAE04EC0-301F-11D3-BF4B-00C04F79EFBC}") = "emarket", "emarket\emarket.csproj", "{9EB95680-8F0B-48FD-BE73-3F422C4F9FB5}"
EndProject
Global
	GlobalSection(SolutionConfigurationPlatforms) = preSolution
		Debug|Any CPU = Debug|Any CPU
		Release|Any CPU = Release|Any CPU
	EndGlobalSection
	GlobalSection(ProjectConfigurationPlatforms) = postSolution
		{9EB95680-8F0B-48FD-BE73-3F422C4F9FB5}.Debug|Any CPU.ActiveCfg = Debug|Any CPU
		{9EB95680-8F0B-48FD-BE73-3F422C4F9FB5}.Debug|Any CPU.Build.0 = Debug|Any CPU
		{9EB95680-8F0B-48FD-BE73-3F422C4F9FB5}.Release|Any CPU.ActiveCfg = Release|Any CPU
		{9EB95680-8F0B-48FD-BE73-3F422C4F9FB5}.Release|Any CPU.Build.0 = Release|Any CPU
	EndGlobalSection
	GlobalSection(SolutionProperties) = preSolution
		HideSolutionNode = FALSE
	EndGlobalSection
	GlobalSection(ExtensibilityGlobals) = postSolution
		SolutionGuid = {286C4B7C-FB9E-4065-A113-3CDB032D92AC}
	EndGlobalSection
EndGlobal
